
Microsoft Visual Studio Solution File, Format Version 12.00
# Visual Studio Version 16
VisualStudioVersion = 16.0.29324.140
MinimumVisualStudioVersion = 10.0.40219.1
Project("{FAE04EC0-301F-11D3-BF4B-00C04F79EFBC}") = "intelliGo", "intelliGo\intelliGo.csproj", "{39E1C410-8E86-4A4A-BB97-41ED4DDA04D8}"
EndProject
Global
	GlobalSection(SolutionConfigurationPlatforms) = preSolution
		Debug|Any CPU = Debug|Any CPU
		Release|Any CPU = Release|Any CPU
	EndGlobalSection
	GlobalSection(ProjectConfigurationPlatforms) = postSolution
		{39E1C410-8E86-4A4A-BB97-41ED4DDA04D8}.Debug|Any CPU.ActiveCfg = Debug|Any CPU
		{39E1C410-8E86-4A4A-BB97-41ED4DDA04D8}.Debug|Any CPU.Build.0 = Debug|Any CPU
		{39E1C410-8E86-4A4A-BB97-41ED4DDA04D8}.Release|Any CPU.ActiveCfg = Release|Any CPU
		{39E1C410-8E86-4A4A-BB97-41ED4DDA04D8}.Release|Any CPU.Build.0 = Release|Any CPU
	EndGlobalSection
	GlobalSection(SolutionProperties) = preSolution
		HideSolutionNode = FALSE
	EndGlobalSection
	GlobalSection(ExtensibilityGlobals) = postSolution
		SolutionGuid = {D306BC02-6E47-4E9E-9BF2-0D406C70386C}
	EndGlobalSection
EndGlobal
